// !$*UTF8*$!
{
	archiveVersion = 1;
	classes = {
	};
	objectVersion = 50;
	objects = {

/* Begin PBXBuildFile section */
		13A37574223C71450079CA7E /* AppDelegate.swift in Sources */ = {isa = PBXBuildFile; fileRef = 13A37573223C71450079CA7E /* AppDelegate.swift */; };
		13A37579223C71450079CA7E /* Main.storyboard in Resources */ = {isa = PBXBuildFile; fileRef = 13A37577223C71450079CA7E /* Main.storyboard */; };
		13A3757E223C71460079CA7E /* Assets.xcassets in Resources */ = {isa = PBXBuildFile; fileRef = 13A3757D223C71460079CA7E /* Assets.xcassets */; };
		13A37581223C71460079CA7E /* LaunchScreen.storyboard in Resources */ = {isa = PBXBuildFile; fileRef = 13A3757F223C71460079CA7E /* LaunchScreen.storyboard */; };
		13A3758C223C733D0079CA7E /* ContatoTableViewController.swift in Sources */ = {isa = PBXBuildFile; fileRef = 13A3758B223C733D0079CA7E /* ContatoTableViewController.swift */; };
		13A37594223C7C1E0079CA7E /* Model.xcdatamodeld in Sources */ = {isa = PBXBuildFile; fileRef = 13A37592223C7C1E0079CA7E /* Model.xcdatamodeld */; };
		13A37597223C7DF10079CA7E /* ContatoDAO.swift in Sources */ = {isa = PBXBuildFile; fileRef = 13A37596223C7DF10079CA7E /* ContatoDAO.swift */; };
		13C11C3322404B8E00E1CCA5 /* FormViewController.swift in Sources */ = {isa = PBXBuildFile; fileRef = 13C11C3222404B8E00E1CCA5 /* FormViewController.swift */; };
/* End PBXBuildFile section */

/* Begin PBXFileReference section */
		13A37570223C71450079CA7E /* contatos.app */ = {isa = PBXFileReference; explicitFileType = wrapper.application; includeInIndex = 0; path = contatos.app; sourceTree = BUILT_PRODUCTS_DIR; };
		13A37573223C71450079CA7E /* AppDelegate.swift */ = {isa = PBXFileReference; lastKnownFileType = sourcecode.swift; path = AppDelegate.swift; sourceTree = "<group>"; };
		13A37578223C71450079CA7E /* Base */ = {isa = PBXFileReference; lastKnownFileType = file.storyboard; name = Base; path = Base.lproj/Main.storyboard; sourceTree = "<group>"; };
		13A3757D223C71460079CA7E /* Assets.xcassets */ = {isa = PBXFileReference; lastKnownFileType = folder.assetcatalog; path = Assets.xcassets; sourceTree = "<group>"; };
		13A37580223C71460079CA7E /* Base */ = {isa = PBXFileReference; lastKnownFileType = file.storyboard; name = Base; path = Base.lproj/LaunchScreen.storyboard; sourceTree = "<group>"; };
		13A37582223C71460079CA7E /* Info.plist */ = {isa = PBXFileReference; lastKnownFileType = text.plist.xml; path = Info.plist; sourceTree = "<group>"; };
		13A3758B223C733D0079CA7E /* ContatoTableViewController.swift */ = {isa = PBXFileReference; lastKnownFileType = sourcecode.swift; path = ContatoTableViewController.swift; sourceTree = "<group>"; };
		13A37593223C7C1E0079CA7E /* Model.xcdatamodel */ = {isa = PBXFileReference; lastKnownFileType = wrapper.xcdatamodel; path = Model.xcdatamodel; sourceTree = "<group>"; };
		13A37596223C7DF10079CA7E /* ContatoDAO.swift */ = {isa = PBXFileReference; lastKnownFileType = sourcecode.swift; path = ContatoDAO.swift; sourceTree = "<group>"; };
		13C11C3222404B8E00E1CCA5 /* FormViewController.swift */ = {isa = PBXFileReference; lastKnownFileType = sourcecode.swift; path = FormViewController.swift; sourceTree = "<group>"; };
/* End PBXFileReference section */

/* Begin PBXFrameworksBuildPhase section */
		13A3756D223C71450079CA7E /* Frameworks */ = {
			isa = PBXFrameworksBuildPhase;
			buildActionMask = 2147483647;
			files = (
			);
			runOnlyForDeploymentPostprocessing = 0;
		};
/* End PBXFrameworksBuildPhase section */

/* Begin PBXGroup section */
		13A37567223C71450079CA7E = {
			isa = PBXGroup;
			children = (
				13C11C5422405D8B00E1CCA5 /* ViewModel */,
				13C11C5322405D7E00E1CCA5 /* Controller */,
				13C11C5222405D7200E1CCA5 /* View */,
				13A37595223C7DD70079CA7E /* DAO */,
				13A37588223C71610079CA7E /* Model */,
				13A37572223C71450079CA7E /* contatos */,
				13A37571223C71450079CA7E /* Products */,
			);
			sourceTree = "<group>";
		};
		13A37571223C71450079CA7E /* Products */ = {
			isa = PBXGroup;
			children = (
				13A37570223C71450079CA7E /* contatos.app */,
			);
			name = Products;
			sourceTree = "<group>";
		};
		13A37572223C71450079CA7E /* contatos */ = {
			isa = PBXGroup;
			children = (
			);
			path = contatos;
			sourceTree = "<group>";
		};
		13A37588223C71610079CA7E /* Model */ = {
			isa = PBXGroup;
			children = (
				13A37592223C7C1E0079CA7E /* Model.xcdatamodeld */,
			);
			path = Model;
			sourceTree = "<group>";
		};
		13A37595223C7DD70079CA7E /* DAO */ = {
			isa = PBXGroup;
			children = (
				13A37596223C7DF10079CA7E /* ContatoDAO.swift */,
			);
			path = DAO;
			sourceTree = "<group>";
		};
		13C11C5222405D7200E1CCA5 /* View */ = {
			isa = PBXGroup;
			children = (
				13A3757D223C71460079CA7E /* Assets.xcassets */,
				13A37582223C71460079CA7E /* Info.plist */,
				13A37577223C71450079CA7E /* Main.storyboard */,
				13A3757F223C71460079CA7E /* LaunchScreen.storyboard */,
			);
			path = View;
			sourceTree = "<group>";
		};
		13C11C5322405D7E00E1CCA5 /* Controller */ = {
			isa = PBXGroup;
			children = (
				13A37573223C71450079CA7E /* AppDelegate.swift */,
				13C11C3222404B8E00E1CCA5 /* FormViewController.swift */,
				13A3758B223C733D0079CA7E /* ContatoTableViewController.swift */,
			);
			path = Controller;
			sourceTree = "<group>";
		};
		13C11C5422405D8B00E1CCA5 /* ViewModel */ = {
			isa = PBXGroup;
			children = (
			);
			path = ViewModel;
			sourceTree = "<group>";
		};
/* End PBXGroup section */

/* Begin PBXNativeTarget section */
		13A3756F223C71450079CA7E /* contatos */ = {
			isa = PBXNativeTarget;
			buildConfigurationList = 13A37585223C71460079CA7E /* Build configuration list for PBXNativeTarget "contatos" */;
			buildPhases = (
				13A3756C223C71450079CA7E /* Sources */,
				13A3756D223C71450079CA7E /* Frameworks */,
				13A3756E223C71450079CA7E /* Resources */,
			);
			buildRules = (
			);
			dependencies = (
			);
			name = contatos;
			productName = contatos;
			productReference = 13A37570223C71450079CA7E /* contatos.app */;
			productType = "com.apple.product-type.application";
		};
/* End PBXNativeTarget section */

/* Begin PBXProject section */
		13A37568223C71450079CA7E /* Project object */ = {
			isa = PBXProject;
			attributes = {
				LastSwiftUpdateCheck = 1010;
				LastUpgradeCheck = 1010;
				ORGANIZATIONNAME = PUCPR;
				TargetAttributes = {
					13A3756F223C71450079CA7E = {
						CreatedOnToolsVersion = 10.1;
					};
				};
			};
			buildConfigurationList = 13A3756B223C71450079CA7E /* Build configuration list for PBXProject "contatos" */;
			compatibilityVersion = "Xcode 9.3";
			developmentRegion = en;
			hasScannedForEncodings = 0;
			knownRegions = (
				en,
				Base,
			);
			mainGroup = 13A37567223C71450079CA7E;
			productRefGroup = 13A37571223C71450079CA7E /* Products */;
			projectDirPath = "";
			projectRoot = "";
			targets = (
				13A3756F223C71450079CA7E /* contatos */,
			);
		};
/* End PBXProject section */

/* Begin PBXResourcesBuildPhase section */
		13A3756E223C71450079CA7E /* Resources */ = {
			isa = PBXResourcesBuildPhase;
			buildActionMask = 2147483647;
			files = (
				13A37581223C71460079CA7E /* LaunchScreen.storyboard in Resources */,
				13A3757E223C71460079CA7E /* Assets.xcassets in Resources */,
				13A37579223C71450079CA7E /* Main.storyboard in Resources */,
			);
			runOnlyForDeploymentPostprocessing = 0;
		};
/* End PBXResourcesBuildPhase section */

/* Begin PBXSourcesBuildPhase section */
		13A3756C223C71450079CA7E /* Sources */ = {
			isa = PBXSourcesBuildPhase;
			buildActionMask = 2147483647;
			files = (
				13A3758C223C733D0079CA7E /* ContatoTableViewController.swift in Sources */,
				13A37574223C71450079CA7E /* AppDelegate.swift in Sources */,
				13A37594223C7C1E0079CA7E /* Model.xcdatamodeld in Sources */,
				13C11C3322404B8E00E1CCA5 /* FormViewController.swift in Sources */,
				13A37597223C7DF10079CA7E /* ContatoDAO.swift in Sources */,
			);
			runOnlyForDeploymentPostprocessing = 0;
		};
/* End PBXSourcesBuildPhase section */

/* Begin PBXVariantGroup section */
		13A37577223C71450079CA7E /* Main.storyboard */ = {
			isa = PBXVariantGroup;
			children = (
				13A37578223C71450079CA7E /* Base */,
			);
			name = Main.storyboard;
			sourceTree = "<group>";
		};
		13A3757F223C71460079CA7E /* LaunchScreen.storyboard */ = {
			isa = PBXVariantGroup;
			children = (
				13A37580223C71460079CA7E /* Base */,
			);
			name = LaunchScreen.storyboard;
			sourceTree = "<group>";
		};
/* End PBXVariantGroup section */

/* Begin XCBuildConfiguration section */
		13A37583223C71460079CA7E /* Debug */ = {
			isa = XCBuildConfiguration;
			buildSettings = {
				ALWAYS_SEARCH_USER_PATHS = NO;
				CLANG_ANALYZER_NONNULL = YES;
				CLANG_ANALYZER_NUMBER_OBJECT_CONVERSION = YES_AGGRESSIVE;
				CLANG_CXX_LANGUAGE_STANDARD = "gnu++14";
				CLANG_CXX_LIBRARY = "libc++";
				CLANG_ENABLE_MODULES = YES;
				CLANG_ENABLE_OBJC_ARC = YES;
				CLANG_ENABLE_OBJC_WEAK = YES;
				CLANG_WARN_BLOCK_CAPTURE_AUTORELEASING = YES;
				CLANG_WARN_BOOL_CONVERSION = YES;
				CLANG_WARN_COMMA = YES;
				CLANG_WARN_CONSTANT_CONVERSION = YES;
				CLANG_WARN_DEPRECATED_OBJC_IMPLEMENTATIONS = YES;
				CLANG_WARN_DIRECT_OBJC_ISA_USAGE = YES_ERROR;
				CLANG_WARN_DOCUMENTATION_COMMENTS = YES;
				CLANG_WARN_EMPTY_BODY = YES;
				CLANG_WARN_ENUM_CONVERSION = YES;
				CLANG_WARN_INFINITE_RECURSION = YES;
				CLANG_WARN_INT_CONVERSION = YES;
				CLANG_WARN_NON_LITERAL_NULL_CONVERSION = YES;
				CLANG_WARN_OBJC_IMPLICIT_RETAIN_SELF = YES;
				CLANG_WARN_OBJC_LITERAL_CONVERSION = YES;
				CLANG_WARN_OBJC_ROOT_CLASS = YES_ERROR;
				CLANG_WARN_RANGE_LOOP_ANALYSIS = YES;
				CLANG_WARN_STRICT_PROTOTYPES = YES;
				CLANG_WARN_SUSPICIOUS_MOVE = YES;
				CLANG_WARN_UNGUARDED_AVAILABILITY = YES_AGGRESSIVE;
				CLANG_WARN_UNREACHABLE_CODE = YES;
				CLANG_WARN__DUPLICATE_METHOD_MATCH = YES;
				CODE_SIGN_IDENTITY = "iPhone Developer";
				COPY_PHASE_STRIP = NO;
				DEBUG_INFORMATION_FORMAT = dwarf;
				ENABLE_STRICT_OBJC_MSGSEND = YES;
				ENABLE_TESTABILITY = YES;
				GCC_C_LANGUAGE_STANDARD = gnu11;
				GCC_DYNAMIC_NO_PIC = NO;
				GCC_NO_COMMON_BLOCKS = YES;
				GCC_OPTIMIZATION_LEVEL = 0;
				GCC_PREPROCESSOR_DEFINITIONS = (
					"DEBUG=1",
					"$(inherited)",
				);
				GCC_WARN_64_TO_32_BIT_CONVERSION = YES;
				GCC_WARN_ABOUT_RETURN_TYPE = YES_ERROR;
				GCC_WARN_UNDECLARED_SELECTOR = YES;
				GCC_WARN_UNINITIALIZED_AUTOS = YES_AGGRESSIVE;
				GCC_WARN_UNUSED_FUNCTION = YES;
				GCC_WARN_UNUSED_VARIABLE = YES;
				IPHONEOS_DEPLOYMENT_TARGET = 12.1;
				MTL_ENABLE_DEBUG_INFO = INCLUDE_SOURCE;
				MTL_FAST_MATH = YES;
				ONLY_ACTIVE_ARCH = YES;
				SDKROOT = iphoneos;
				SWIFT_ACTIVE_COMPILATION_CONDITIONS = DEBUG;
				SWIFT_OPTIMIZATION_LEVEL = "-Onone";
			};
			name = Debug;
		};
		13A37584223C71460079CA7E /* Release */ = {
			isa = XCBuildConfiguration;
			buildSettings = {
				ALWAYS_SEARCH_USER_PATHS = NO;
				CLANG_ANALYZER_NONNULL = YES;
				CLANG_ANALYZER_NUMBER_OBJECT_CONVERSION = YES_AGGRESSIVE;
				CLANG_CXX_LANGUAGE_STANDARD = "gnu++14";
				CLANG_CXX_LIBRARY = "libc++";
				CLANG_ENABLE_MODULES = YES;
				CLANG_ENABLE_OBJC_ARC = YES;
				CLANG_ENABLE_OBJC_WEAK = YES;
				CLANG_WARN_BLOCK_CAPTURE_AUTORELEASING = YES;
				CLANG_WARN_BOOL_CONVERSION = YES;
				CLANG_WARN_COMMA = YES;
				CLANG_WARN_CONSTANT_CONVERSION = YES;
				CLANG_WARN_DEPRECATED_OBJC_IMPLEMENTATIONS = YES;
				CLANG_WARN_DIRECT_OBJC_ISA_USAGE = YES_ERROR;
				CLANG_WARN_DOCUMENTATION_COMMENTS = YES;
				CLANG_WARN_EMPTY_BODY = YES;
				CLANG_WARN_ENUM_CONVERSION = YES;
				CLANG_WARN_INFINITE_RECURSION = YES;
				CLANG_WARN_INT_CONVERSION = YES;
				CLANG_WARN_NON_LITERAL_NULL_CONVERSION = YES;
				CLANG_WARN_OBJC_IMPLICIT_RETAIN_SELF = YES;
				CLANG_WARN_OBJC_LITERAL_CONVERSION = YES;
				CLANG_WARN_OBJC_ROOT_CLASS = YES_ERROR;
				CLANG_WARN_RANGE_LOOP_ANALYSIS = YES;
				CLANG_WARN_STRICT_PROTOTYPES = YES;
				CLANG_WARN_SUSPICIOUS_MOVE = YES;
				CLANG_WARN_UNGUARDED_AVAILABILITY = YES_AGGRESSIVE;
				CLANG_WARN_UNREACHABLE_CODE = YES;
				CLANG_WARN__DUPLICATE_METHOD_MATCH = YES;
				CODE_SIGN_IDENTITY = "iPhone Developer";
				COPY_PHASE_STRIP = NO;
				DEBUG_INFORMATION_FORMAT = "dwarf-with-dsym";
				ENABLE_NS_ASSERTIONS = NO;
				ENABLE_STRICT_OBJC_MSGSEND = YES;
				GCC_C_LANGUAGE_STANDARD = gnu11;
				GCC_NO_COMMON_BLOCKS = YES;
				GCC_WARN_64_TO_32_BIT_CONVERSION = YES;
				GCC_WARN_ABOUT_RETURN_TYPE = YES_ERROR;
				GCC_WARN_UNDECLARED_SELECTOR = YES;
				GCC_WARN_UNINITIALIZED_AUTOS = YES_AGGRESSIVE;
				GCC_WARN_UNUSED_FUNCTION = YES;
				GCC_WARN_UNUSED_VARIABLE = YES;
				IPHONEOS_DEPLOYMENT_TARGET = 12.1;
				MTL_ENABLE_DEBUG_INFO = NO;
				MTL_FAST_MATH = YES;
				SDKROOT = iphoneos;
				SWIFT_COMPILATION_MODE = wholemodule;
				SWIFT_OPTIMIZATION_LEVEL = "-O";
				VALIDATE_PRODUCT = YES;
			};
			name = Release;
		};
		13A37586223C71460079CA7E /* Debug */ = {
			isa = XCBuildConfiguration;
			buildSettings = {
				ASSETCATALOG_COMPILER_APPICON_NAME = AppIcon;
				CODE_SIGN_STYLE = Automatic;
				INFOPLIST_FILE = contatos/Info.plist;
				LD_RUNPATH_SEARCH_PATHS = (
					"$(inherited)",
					"@executable_path/Frameworks",
				);
				PRODUCT_BUNDLE_IDENTIFIER = br.pucpr.contatos;
				PRODUCT_NAME = "$(TARGET_NAME)";
				SWIFT_VERSION = 4.2;
				TARGETED_DEVICE_FAMILY = "1,2";
			};
			name = Debug;
		};
		13A37587223C71460079CA7E /* Release */ = {
			isa = XCBuildConfiguration;
			buildSettings = {
				ASSETCATALOG_COMPILER_APPICON_NAME = AppIcon;
				CODE_SIGN_STYLE = Automatic;
				INFOPLIST_FILE = contatos/Info.plist;
				LD_RUNPATH_SEARCH_PATHS = (
					"$(inherited)",
					"@executable_path/Frameworks",
				);
				PRODUCT_BUNDLE_IDENTIFIER = br.pucpr.contatos;
				PRODUCT_NAME = "$(TARGET_NAME)";
				SWIFT_VERSION = 4.2;
				TARGETED_DEVICE_FAMILY = "1,2";
			};
			name = Release;
		};
/* End XCBuildConfiguration section */

/* Begin XCConfigurationList section */
		13A3756B223C71450079CA7E /* Build configuration list for PBXProject "contatos" */ = {
			isa = XCConfigurationList;
			buildConfigurations = (
				13A37583223C71460079CA7E /* Debug */,
				13A37584223C71460079CA7E /* Release */,
			);
			defaultConfigurationIsVisible = 0;
			defaultConfigurationName = Release;
		};
		13A37585223C71460079CA7E /* Build configuration list for PBXNativeTarget "contatos" */ = {
			isa = XCConfigurationList;
			buildConfigurations = (
				13A37586223C71460079CA7E /* Debug */,
				13A37587223C71460079CA7E /* Release */,
			);
			defaultConfigurationIsVisible = 0;
			defaultConfigurationName = Release;
		};
/* End XCConfigurationList section */

/* Begin XCVersionGroup section */
		13A37592223C7C1E0079CA7E /* Model.xcdatamodeld */ = {
			isa = XCVersionGroup;
			children = (
				13A37593223C7C1E0079CA7E /* Model.xcdatamodel */,
			);
			currentVersion = 13A37593223C7C1E0079CA7E /* Model.xcdatamodel */;
			path = Model.xcdatamodeld;
			sourceTree = "<group>";
			versionGroupType = wrapper.xcdatamodel;
		};
/* End XCVersionGroup section */
	};
	rootObject = 13A37568223C71450079CA7E /* Project object */;
}
